// !$*UTF8*$!
{
	archiveVersion = 1;
	classes = {
	};
	objectVersion = 46;
	objects = {

/* Begin PBXBuildFile section */
		1A02644B1818558D00E4D733 /* TopViewController.xib in Resources */ = {isa = PBXBuildFile; fileRef = 1A02644A1818558D00E4D733 /* TopViewController.xib */; };
		1A02649A18185A4900E4D733 /* AVFoundation.framework in Frameworks */ = {isa = PBXBuildFile; fileRef = 1A02649918185A4900E4D733 /* AVFoundation.framework */; };
		1A02649C18185A5000E4D733 /* OpenGLES.framework in Frameworks */ = {isa = PBXBuildFile; fileRef = 1A02649B18185A5000E4D733 /* OpenGLES.framework */; };
		1A0264A018185A6700E4D733 /* CoreMedia.framework in Frameworks */ = {isa = PBXBuildFile; fileRef = 1A02649F18185A6700E4D733 /* CoreMedia.framework */; };
		1A0264A918185AB100E4D733 /* CoreVideo.framework in Frameworks */ = {isa = PBXBuildFile; fileRef = 1A02649D18185A5900E4D733 /* CoreVideo.framework */; };
		1A0264AF1818976B00E4D733 /* Accelerate.framework in Frameworks */ = {isa = PBXBuildFile; fileRef = 3F77F40716444B30006B4F89 /* Accelerate.framework */; };
		1A0264B31818BE6E00E4D733 /* Sunrise.jpg in Resources */ = {isa = PBXBuildFile; fileRef = 1A0264B21818BE6E00E4D733 /* Sunrise.jpg */; };
		3F1B626B162ED89300447C56 /* UIKit.framework in Frameworks */ = {isa = PBXBuildFile; fileRef = 3F1B626A162ED89300447C56 /* UIKit.framework */; };
		3F1B626D162ED89300447C56 /* Foundation.framework in Frameworks */ = {isa = PBXBuildFile; fileRef = 3F1B626C162ED89300447C56 /* Foundation.framework */; };
		3F1B6275162ED89300447C56 /* InfoPlist.strings in Resources */ = {isa = PBXBuildFile; fileRef = 3F1B6273162ED89300447C56 /* InfoPlist.strings */; };
		3F1B6277162ED89300447C56 /* main.m in Sources */ = {isa = PBXBuildFile; fileRef = 3F1B6276162ED89300447C56 /* main.m */; };
		3F1B627B162ED89300447C56 /* AppDelegate.m in Sources */ = {isa = PBXBuildFile; fileRef = 3F1B627A162ED89300447C56 /* AppDelegate.m */; };
		3F1B627D162ED89300447C56 /* Default.png in Resources */ = {isa = PBXBuildFile; fileRef = 3F1B627C162ED89300447C56 /* Default.png */; };
		3F1B627F162ED89300447C56 /* Default@2x.png in Resources */ = {isa = PBXBuildFile; fileRef = 3F1B627E162ED89300447C56 /* Default@2x.png */; };
		3F1B6281162ED89300447C56 /* Default-568h@2x.png in Resources */ = {isa = PBXBuildFile; fileRef = 3F1B6280162ED89300447C56 /* Default-568h@2x.png */; };
		3F1B6284162ED89300447C56 /* TopViewController.m in Sources */ = {isa = PBXBuildFile; fileRef = 3F1B6283162ED89300447C56 /* TopViewController.m */; };
		3F295B4B1631C8C900B28040 /* chuck.jpeg in Resources */ = {isa = PBXBuildFile; fileRef = 3F295B4A1631C8C900B28040 /* chuck.jpeg */; };
		3F39A60D162F3EA1004EB1BC /* libJFDepthView.a in Frameworks */ = {isa = PBXBuildFile; fileRef = 3F925F82162F3E25006E5CCB /* libJFDepthView.a */; };
		3F39A616162F3F83004EB1BC /* BottomViewController.m in Sources */ = {isa = PBXBuildFile; fileRef = 3F39A614162F3F83004EB1BC /* BottomViewController.m */; };
		3F39A617162F3F83004EB1BC /* BottomViewController.xib in Resources */ = {isa = PBXBuildFile; fileRef = 3F39A615162F3F83004EB1BC /* BottomViewController.xib */; };
		3F39A619162F425D004EB1BC /* MapKit.framework in Frameworks */ = {isa = PBXBuildFile; fileRef = 3F39A618162F425D004EB1BC /* MapKit.framework */; };
		3F39A6A0163084AF004EB1BC /* CoreGraphics.framework in Frameworks */ = {isa = PBXBuildFile; fileRef = 3F1B626E162ED89300447C56 /* CoreGraphics.framework */; };
		3F39A6AB1630873D004EB1BC /* QuartzCore.framework in Frameworks */ = {isa = PBXBuildFile; fileRef = 3F39A6AA1630873D004EB1BC /* QuartzCore.framework */; };
		3F39A6AF16309CC6004EB1BC /* CoreImage.framework in Frameworks */ = {isa = PBXBuildFile; fileRef = 3F39A6AE16309CC6004EB1BC /* CoreImage.framework */; };
		3FB03ECF16C4AE7500013ABC /* BottomViewController~iphone.xib in Resources */ = {isa = PBXBuildFile; fileRef = 3FB03ECE16C4AE7500013ABC /* BottomViewController~iphone.xib */; };
		3FB03ED116C4AF5500013ABC /* TopViewController~iphone.xib in Resources */ = {isa = PBXBuildFile; fileRef = 3FB03ED016C4AF5500013ABC /* TopViewController~iphone.xib */; };
/* End PBXBuildFile section */

/* Begin PBXContainerItemProxy section */
		3F598D3716324BEA007DA018 /* PBXContainerItemProxy */ = {
			isa = PBXContainerItemProxy;
			containerPortal = 3F925F7D162F3E24006E5CCB /* JFDepthView.xcodeproj */;
			proxyType = 1;
			remoteGlobalIDString = 3F1B624E162ED72800447C56;
			remoteInfo = JFDepthView;
		};
		3F925F81162F3E25006E5CCB /* PBXContainerItemProxy */ = {
			isa = PBXContainerItemProxy;
			containerPortal = 3F925F7D162F3E24006E5CCB /* JFDepthView.xcodeproj */;
			proxyType = 2;
			remoteGlobalIDString = 3F1B624F162ED72800447C56;
			remoteInfo = JFDepthView;
		};
/* End PBXContainerItemProxy section */

/* Begin PBXFileReference section */
		1A02644A1818558D00E4D733 /* TopViewController.xib */ = {isa = PBXFileReference; fileEncoding = 4; lastKnownFileType = file.xib; path = TopViewController.xib; sourceTree = "<group>"; };
		1A02649918185A4900E4D733 /* AVFoundation.framework */ = {isa = PBXFileReference; lastKnownFileType = wrapper.framework; name = AVFoundation.framework; path = System/Library/Frameworks/AVFoundation.framework; sourceTree = SDKROOT; };
		1A02649B18185A5000E4D733 /* OpenGLES.framework */ = {isa = PBXFileReference; lastKnownFileType = wrapper.framework; name = OpenGLES.framework; path = System/Library/Frameworks/OpenGLES.framework; sourceTree = SDKROOT; };
		1A02649D18185A5900E4D733 /* CoreVideo.framework */ = {isa = PBXFileReference; lastKnownFileType = wrapper.framework; name = CoreVideo.framework; path = System/Library/Frameworks/CoreVideo.framework; sourceTree = SDKROOT; };
		1A02649F18185A6700E4D733 /* CoreMedia.framework */ = {isa = PBXFileReference; lastKnownFileType = wrapper.framework; name = CoreMedia.framework; path = System/Library/Frameworks/CoreMedia.framework; sourceTree = SDKROOT; };
		1A0264B21818BE6E00E4D733 /* Sunrise.jpg */ = {isa = PBXFileReference; lastKnownFileType = image.jpeg; path = Sunrise.jpg; sourceTree = "<group>"; };
		3F1B6266162ED89300447C56 /* JFDepthVewExample.app */ = {isa = PBXFileReference; explicitFileType = wrapper.application; includeInIndex = 0; path = JFDepthVewExample.app; sourceTree = BUILT_PRODUCTS_DIR; };
		3F1B626A162ED89300447C56 /* UIKit.framework */ = {isa = PBXFileReference; lastKnownFileType = wrapper.framework; name = UIKit.framework; path = System/Library/Frameworks/UIKit.framework; sourceTree = SDKROOT; };
		3F1B626C162ED89300447C56 /* Foundation.framework */ = {isa = PBXFileReference; lastKnownFileType = wrapper.framework; name = Foundation.framework; path = System/Library/Frameworks/Foundation.framework; sourceTree = SDKROOT; };
		3F1B626E162ED89300447C56 /* CoreGraphics.framework */ = {isa = PBXFileReference; lastKnownFileType = wrapper.framework; name = CoreGraphics.framework; path = System/Library/Frameworks/CoreGraphics.framework; sourceTree = SDKROOT; };
		3F1B6272162ED89300447C56 /* JFDepthVewExample-Info.plist */ = {isa = PBXFileReference; lastKnownFileType = text.plist.xml; path = "JFDepthVewExample-Info.plist"; sourceTree = "<group>"; };
		3F1B6274162ED89300447C56 /* en */ = {isa = PBXFileReference; lastKnownFileType = text.plist.strings; name = en; path = en.lproj/InfoPlist.strings; sourceTree = "<group>"; };
		3F1B6276162ED89300447C56 /* main.m */ = {isa = PBXFileReference; lastKnownFileType = sourcecode.c.objc; path = main.m; sourceTree = "<group>"; };
		3F1B6278162ED89300447C56 /* JFDepthVewExample-Prefix.pch */ = {isa = PBXFileReference; lastKnownFileType = sourcecode.c.h; path = "JFDepthVewExample-Prefix.pch"; sourceTree = "<group>"; };
		3F1B6279162ED89300447C56 /* AppDelegate.h */ = {isa = PBXFileReference; lastKnownFileType = sourcecode.c.h; path = AppDelegate.h; sourceTree = "<group>"; };
		3F1B627A162ED89300447C56 /* AppDelegate.m */ = {isa = PBXFileReference; lastKnownFileType = sourcecode.c.objc; path = AppDelegate.m; sourceTree = "<group>"; };
		3F1B627C162ED89300447C56 /* Default.png */ = {isa = PBXFileReference; lastKnownFileType = image.png; path = Default.png; sourceTree = "<group>"; };
		3F1B627E162ED89300447C56 /* Default@2x.png */ = {isa = PBXFileReference; lastKnownFileType = image.png; path = "Default@2x.png"; sourceTree = "<group>"; };
		3F1B6280162ED89300447C56 /* Default-568h@2x.png */ = {isa = PBXFileReference; lastKnownFileType = image.png; path = "Default-568h@2x.png"; sourceTree = "<group>"; };
		3F1B6282162ED89300447C56 /* TopViewController.h */ = {isa = PBXFileReference; lastKnownFileType = sourcecode.c.h; path = TopViewController.h; sourceTree = "<group>"; };
		3F1B6283162ED89300447C56 /* TopViewController.m */ = {isa = PBXFileReference; lastKnownFileType = sourcecode.c.objc; path = TopViewController.m; sourceTree = "<group>"; };
		3F295B4A1631C8C900B28040 /* chuck.jpeg */ = {isa = PBXFileReference; lastKnownFileType = image.jpeg; path = chuck.jpeg; sourceTree = "<group>"; };
		3F39A613162F3F83004EB1BC /* BottomViewController.h */ = {isa = PBXFileReference; fileEncoding = 4; lastKnownFileType = sourcecode.c.h; path = BottomViewController.h; sourceTree = "<group>"; };
		3F39A614162F3F83004EB1BC /* BottomViewController.m */ = {isa = PBXFileReference; fileEncoding = 4; lastKnownFileType = sourcecode.c.objc; path = BottomViewController.m; sourceTree = "<group>"; };
		3F39A615162F3F83004EB1BC /* BottomViewController.xib */ = {isa = PBXFileReference; fileEncoding = 4; lastKnownFileType = file.xib; path = BottomViewController.xib; sourceTree = "<group>"; };
		3F39A618162F425D004EB1BC /* MapKit.framework */ = {isa = PBXFileReference; lastKnownFileType = wrapper.framework; name = MapKit.framework; path = System/Library/Frameworks/MapKit.framework; sourceTree = SDKROOT; };
		3F39A6AA1630873D004EB1BC /* QuartzCore.framework */ = {isa = PBXFileReference; lastKnownFileType = wrapper.framework; name = QuartzCore.framework; path = System/Library/Frameworks/QuartzCore.framework; sourceTree = SDKROOT; };
		3F39A6AE16309CC6004EB1BC /* CoreImage.framework */ = {isa = PBXFileReference; lastKnownFileType = wrapper.framework; name = CoreImage.framework; path = System/Library/Frameworks/CoreImage.framework; sourceTree = SDKROOT; };
		3F77F40716444B30006B4F89 /* Accelerate.framework */ = {isa = PBXFileReference; lastKnownFileType = wrapper.framework; name = Accelerate.framework; path = System/Library/Frameworks/Accelerate.framework; sourceTree = SDKROOT; };
		3F925F7D162F3E24006E5CCB /* JFDepthView.xcodeproj */ = {isa = PBXFileReference; lastKnownFileType = "wrapper.pb-project"; name = JFDepthView.xcodeproj; path = ../../JFDepthView.xcodeproj; sourceTree = "<group>"; };
		3FB03ECE16C4AE7500013ABC /* BottomViewController~iphone.xib */ = {isa = PBXFileReference; fileEncoding = 4; lastKnownFileType = file.xib; path = "BottomViewController~iphone.xib"; sourceTree = "<group>"; };
		3FB03ED016C4AF5500013ABC /* TopViewController~iphone.xib */ = {isa = PBXFileReference; fileEncoding = 4; lastKnownFileType = file.xib; path = "TopViewController~iphone.xib"; sourceTree = "<group>"; };
/* End PBXFileReference section */

/* Begin PBXFrameworksBuildPhase section */
		3F1B6263162ED89300447C56 /* Frameworks */ = {
			isa = PBXFrameworksBuildPhase;
			buildActionMask = 2147483647;
			files = (
				1A0264AF1818976B00E4D733 /* Accelerate.framework in Frameworks */,
				1A0264A918185AB100E4D733 /* CoreVideo.framework in Frameworks */,
				1A0264A018185A6700E4D733 /* CoreMedia.framework in Frameworks */,
				1A02649C18185A5000E4D733 /* OpenGLES.framework in Frameworks */,
				1A02649A18185A4900E4D733 /* AVFoundation.framework in Frameworks */,
				3F39A6AF16309CC6004EB1BC /* CoreImage.framework in Frameworks */,
				3F39A6AB1630873D004EB1BC /* QuartzCore.framework in Frameworks */,
				3F39A6A0163084AF004EB1BC /* CoreGraphics.framework in Frameworks */,
				3F39A619162F425D004EB1BC /* MapKit.framework in Frameworks */,
				3F39A60D162F3EA1004EB1BC /* libJFDepthView.a in Frameworks */,
				3F1B626B162ED89300447C56 /* UIKit.framework in Frameworks */,
				3F1B626D162ED89300447C56 /* Foundation.framework in Frameworks */,
			);
			runOnlyForDeploymentPostprocessing = 0;
		};
/* End PBXFrameworksBuildPhase section */

/* Begin PBXGroup section */
		3F1B625B162ED89300447C56 = {
			isa = PBXGroup;
			children = (
				3F925F7D162F3E24006E5CCB /* JFDepthView.xcodeproj */,
				3F1B6270162ED89300447C56 /* JFDepthVewExample */,
				3F1B6271162ED89300447C56 /* Supporting Files */,
				3F1B6269162ED89300447C56 /* Frameworks */,
				3F1B6267162ED89300447C56 /* Products */,
			);
			sourceTree = "<group>";
		};
		3F1B6267162ED89300447C56 /* Products */ = {
			isa = PBXGroup;
			children = (
				3F1B6266162ED89300447C56 /* JFDepthVewExample.app */,
			);
			name = Products;
			sourceTree = "<group>";
		};
		3F1B6269162ED89300447C56 /* Frameworks */ = {
			isa = PBXGroup;
			children = (
				3F77F40716444B30006B4F89 /* Accelerate.framework */,
				1A02649F18185A6700E4D733 /* CoreMedia.framework */,
				1A02649D18185A5900E4D733 /* CoreVideo.framework */,
				1A02649B18185A5000E4D733 /* OpenGLES.framework */,
				1A02649918185A4900E4D733 /* AVFoundation.framework */,
				3F39A6AE16309CC6004EB1BC /* CoreImage.framework */,
				3F39A6AA1630873D004EB1BC /* QuartzCore.framework */,
				3F39A618162F425D004EB1BC /* MapKit.framework */,
				3F1B626A162ED89300447C56 /* UIKit.framework */,
				3F1B626C162ED89300447C56 /* Foundation.framework */,
				3F1B626E162ED89300447C56 /* CoreGraphics.framework */,
			);
			name = Frameworks;
			sourceTree = "<group>";
		};
		3F1B6270162ED89300447C56 /* JFDepthVewExample */ = {
			isa = PBXGroup;
			children = (
				3F1B6279162ED89300447C56 /* AppDelegate.h */,
				3F1B627A162ED89300447C56 /* AppDelegate.m */,
				3F1B6282162ED89300447C56 /* TopViewController.h */,
				3F1B6283162ED89300447C56 /* TopViewController.m */,
				3FB03ED016C4AF5500013ABC /* TopViewController~iphone.xib */,
				1A02644A1818558D00E4D733 /* TopViewController.xib */,
				3F39A613162F3F83004EB1BC /* BottomViewController.h */,
				3F39A614162F3F83004EB1BC /* BottomViewController.m */,
				3F39A615162F3F83004EB1BC /* BottomViewController.xib */,
				3FB03ECE16C4AE7500013ABC /* BottomViewController~iphone.xib */,
			);
			path = JFDepthVewExample;
			sourceTree = "<group>";
		};
		3F1B6271162ED89300447C56 /* Supporting Files */ = {
			isa = PBXGroup;
			children = (
				1A0264B21818BE6E00E4D733 /* Sunrise.jpg */,
				3F295B4A1631C8C900B28040 /* chuck.jpeg */,
				3F1B6272162ED89300447C56 /* JFDepthVewExample-Info.plist */,
				3F1B6273162ED89300447C56 /* InfoPlist.strings */,
				3F1B6276162ED89300447C56 /* main.m */,
				3F1B6278162ED89300447C56 /* JFDepthVewExample-Prefix.pch */,
				3F1B627C162ED89300447C56 /* Default.png */,
				3F1B627E162ED89300447C56 /* Default@2x.png */,
				3F1B6280162ED89300447C56 /* Default-568h@2x.png */,
			);
			name = "Supporting Files";
			path = JFDepthVewExample;
			sourceTree = "<group>";
		};
		3F925F7E162F3E24006E5CCB /* Products */ = {
			isa = PBXGroup;
			children = (
				3F925F82162F3E25006E5CCB /* libJFDepthView.a */,
			);
			name = Products;
			sourceTree = "<group>";
		};
/* End PBXGroup section */

/* Begin PBXNativeTarget section */
		3F1B6265162ED89300447C56 /* JFDepthVewExample */ = {
			isa = PBXNativeTarget;
			buildConfigurationList = 3F1B628A162ED89300447C56 /* Build configuration list for PBXNativeTarget "JFDepthVewExample" */;
			buildPhases = (
				3F1B6262162ED89300447C56 /* Sources */,
				3F1B6263162ED89300447C56 /* Frameworks */,
				3F1B6264162ED89300447C56 /* Resources */,
			);
			buildRules = (
			);
			dependencies = (
				3F598D3816324BEA007DA018 /* PBXTargetDependency */,
			);
			name = JFDepthVewExample;
			productName = JFDepthVewExample;
			productReference = 3F1B6266162ED89300447C56 /* JFDepthVewExample.app */;
			productType = "com.apple.product-type.application";
		};
/* End PBXNativeTarget section */

/* Begin PBXProject section */
		3F1B625D162ED89300447C56 /* Project object */ = {
			isa = PBXProject;
			attributes = {
				LastUpgradeCheck = 0450;
				ORGANIZATIONNAME = "Jeremy Fox";
			};
			buildConfigurationList = 3F1B6260162ED89300447C56 /* Build configuration list for PBXProject "JFDepthVewExample" */;
			compatibilityVersion = "Xcode 3.2";
			developmentRegion = English;
			hasScannedForEncodings = 0;
			knownRegions = (
				en,
			);
			mainGroup = 3F1B625B162ED89300447C56;
			productRefGroup = 3F1B6267162ED89300447C56 /* Products */;
			projectDirPath = "";
			projectReferences = (
				{
					ProductGroup = 3F925F7E162F3E24006E5CCB /* Products */;
					ProjectRef = 3F925F7D162F3E24006E5CCB /* JFDepthView.xcodeproj */;
				},
			);
			projectRoot = "";
			targets = (
				3F1B6265162ED89300447C56 /* JFDepthVewExample */,
			);
		};
/* End PBXProject section */

/* Begin PBXReferenceProxy section */
		3F925F82162F3E25006E5CCB /* libJFDepthView.a */ = {
			isa = PBXReferenceProxy;
			fileType = archive.ar;
			path = libJFDepthView.a;
			remoteRef = 3F925F81162F3E25006E5CCB /* PBXContainerItemProxy */;
			sourceTree = BUILT_PRODUCTS_DIR;
		};
/* End PBXReferenceProxy section */

/* Begin PBXResourcesBuildPhase section */
		3F1B6264162ED89300447C56 /* Resources */ = {
			isa = PBXResourcesBuildPhase;
			buildActionMask = 2147483647;
			files = (
				3F1B6275162ED89300447C56 /* InfoPlist.strings in Resources */,
				3F1B627D162ED89300447C56 /* Default.png in Resources */,
				3F1B627F162ED89300447C56 /* Default@2x.png in Resources */,
				3F1B6281162ED89300447C56 /* Default-568h@2x.png in Resources */,
				1A02644B1818558D00E4D733 /* TopViewController.xib in Resources */,
				3F39A617162F3F83004EB1BC /* BottomViewController.xib in Resources */,
				3F295B4B1631C8C900B28040 /* chuck.jpeg in Resources */,
				3FB03ECF16C4AE7500013ABC /* BottomViewController~iphone.xib in Resources */,
				3FB03ED116C4AF5500013ABC /* TopViewController~iphone.xib in Resources */,
				1A0264B31818BE6E00E4D733 /* Sunrise.jpg in Resources */,
			);
			runOnlyForDeploymentPostprocessing = 0;
		};
/* End PBXResourcesBuildPhase section */

/* Begin PBXSourcesBuildPhase section */
		3F1B6262162ED89300447C56 /* Sources */ = {
			isa = PBXSourcesBuildPhase;
			buildActionMask = 2147483647;
			files = (
				3F1B6277162ED89300447C56 /* main.m in Sources */,
				3F1B627B162ED89300447C56 /* AppDelegate.m in Sources */,
				3F1B6284162ED89300447C56 /* TopViewController.m in Sources */,
				3F39A616162F3F83004EB1BC /* BottomViewController.m in Sources */,
			);
			runOnlyForDeploymentPostprocessing = 0;
		};
/* End PBXSourcesBuildPhase section */

/* Begin PBXTargetDependency section */
		3F598D3816324BEA007DA018 /* PBXTargetDependency */ = {
			isa = PBXTargetDependency;
			name = JFDepthView;
			targetProxy = 3F598D3716324BEA007DA018 /* PBXContainerItemProxy */;
		};
/* End PBXTargetDependency section */

/* Begin PBXVariantGroup section */
		3F1B6273162ED89300447C56 /* InfoPlist.strings */ = {
			isa = PBXVariantGroup;
			children = (
				3F1B6274162ED89300447C56 /* en */,
			);
			name = InfoPlist.strings;
			sourceTree = "<group>";
		};
/* End PBXVariantGroup section */

/* Begin XCBuildConfiguration section */
		3F1B6288162ED89300447C56 /* Debug */ = {
			isa = XCBuildConfiguration;
			buildSettings = {
				ALWAYS_SEARCH_USER_PATHS = NO;
				CLANG_CXX_LANGUAGE_STANDARD = "gnu++0x";
				CLANG_CXX_LIBRARY = "libc++";
				CLANG_ENABLE_OBJC_ARC = YES;
				CLANG_WARN_EMPTY_BODY = YES;
				CLANG_WARN__DUPLICATE_METHOD_MATCH = YES;
				"CODE_SIGN_IDENTITY[sdk=iphoneos*]" = "iPhone Developer";
				COPY_PHASE_STRIP = NO;
				GCC_C_LANGUAGE_STANDARD = gnu99;
				GCC_DYNAMIC_NO_PIC = NO;
				GCC_OPTIMIZATION_LEVEL = 0;
				GCC_PREPROCESSOR_DEFINITIONS = (
					"DEBUG=1",
					"$(inherited)",
				);
				GCC_SYMBOLS_PRIVATE_EXTERN = NO;
				GCC_WARN_ABOUT_RETURN_TYPE = YES;
				GCC_WARN_UNINITIALIZED_AUTOS = YES;
				GCC_WARN_UNUSED_VARIABLE = YES;
				IPHONEOS_DEPLOYMENT_TARGET = 6.0;
				ONLY_ACTIVE_ARCH = YES;
				SDKROOT = iphoneos;
				TARGETED_DEVICE_FAMILY = 2;
			};
			name = Debug;
		};
		3F1B6289162ED89300447C56 /* Release */ = {
			isa = XCBuildConfiguration;
			buildSettings = {
				ALWAYS_SEARCH_USER_PATHS = NO;
				CLANG_CXX_LANGUAGE_STANDARD = "gnu++0x";
				CLANG_CXX_LIBRARY = "libc++";
				CLANG_ENABLE_OBJC_ARC = YES;
				CLANG_WARN_EMPTY_BODY = YES;
				CLANG_WARN__DUPLICATE_METHOD_MATCH = YES;
				"CODE_SIGN_IDENTITY[sdk=iphoneos*]" = "iPhone Developer";
				COPY_PHASE_STRIP = YES;
				GCC_C_LANGUAGE_STANDARD = gnu99;
				GCC_WARN_ABOUT_RETURN_TYPE = YES;
				GCC_WARN_UNINITIALIZED_AUTOS = YES;
				GCC_WARN_UNUSED_VARIABLE = YES;
				IPHONEOS_DEPLOYMENT_TARGET = 6.0;
				OTHER_CFLAGS = "-DNS_BLOCK_ASSERTIONS=1";
				SDKROOT = iphoneos;
				TARGETED_DEVICE_FAMILY = 2;
				VALIDATE_PRODUCT = YES;
			};
			name = Release;
		};
		3F1B628B162ED89300447C56 /* Debug */ = {
			isa = XCBuildConfiguration;
			buildSettings = {
				GCC_PRECOMPILE_PREFIX_HEADER = YES;
				GCC_PREFIX_HEADER = "JFDepthVewExample/JFDepthVewExample-Prefix.pch";
				INFOPLIST_FILE = "JFDepthVewExample/JFDepthVewExample-Info.plist";
				OTHER_LDFLAGS = "-all_load";
				PRODUCT_NAME = "$(TARGET_NAME)";
				WRAPPER_EXTENSION = app;
			};
			name = Debug;
		};
		3F1B628C162ED89300447C56 /* Release */ = {
			isa = XCBuildConfiguration;
			buildSettings = {
				GCC_PRECOMPILE_PREFIX_HEADER = YES;
				GCC_PREFIX_HEADER = "JFDepthVewExample/JFDepthVewExample-Prefix.pch";
				INFOPLIST_FILE = "JFDepthVewExample/JFDepthVewExample-Info.plist";
				OTHER_LDFLAGS = "-all_load";
				PRODUCT_NAME = "$(TARGET_NAME)";
				WRAPPER_EXTENSION = app;
			};
			name = Release;
		};
/* End XCBuildConfiguration section */

/* Begin XCConfigurationList section */
		3F1B6260162ED89300447C56 /* Build configuration list for PBXProject "JFDepthVewExample" */ = {
			isa = XCConfigurationList;
			buildConfigurations = (
				3F1B6288162ED89300447C56 /* Debug */,
				3F1B6289162ED89300447C56 /* Release */,
			);
			defaultConfigurationIsVisible = 0;
			defaultConfigurationName = Release;
		};
		3F1B628A162ED89300447C56 /* Build configuration list for PBXNativeTarget "JFDepthVewExample" */ = {
			isa = XCConfigurationList;
			buildConfigurations = (
				3F1B628B162ED89300447C56 /* Debug */,
				3F1B628C162ED89300447C56 /* Release */,
			);
			defaultConfigurationIsVisible = 0;
			defaultConfigurationName = Release;
		};
/* End XCConfigurationList section */
	};
	rootObject = 3F1B625D162ED89300447C56 /* Project object */;
}
